
Microsoft Visual Studio Solution File, Format Version 12.00
# Visual Studio 15
VisualStudioVersion = 15.0.27703.2026
MinimumVisualStudioVersion = 10.0.40219.1
Project("{9A19103F-16F7-4668-BE54-9A1E7A4F7556}") = "UserWebApi", "UserWebApi\UserWebApi.csproj", "{282C038E-198F-4D1A-AC1F-2B1E92B8A7C2}"
EndProject
Project("{9A19103F-16F7-4668-BE54-9A1E7A4F7556}") = "UserMVCApp", "UserMVCApp\UserMVCApp.csproj", "{BF7D1C96-C311-4C75-8467-60BA52F633E2}"
EndProject
Project("{FAE04EC0-301F-11D3-BF4B-00C04F79EFBC}") = "UserRPApp", "UserRPApp\UserRPApp.csproj", "{17652905-D7A8-4090-A940-1F6ED87C5D17}"
EndProject
Project("{FAE04EC0-301F-11D3-BF4B-00C04F79EFBC}") = "MiddleWareWebApi", "MiddleWareWebApi\MiddleWareWebApi.csproj", "{67BCCE4F-2E5F-4069-A491-47BF7B78C184}"
EndProject
Global
	GlobalSection(SolutionConfigurationPlatforms) = preSolution
		Debug|Any CPU = Debug|Any CPU
		Release|Any CPU = Release|Any CPU
	EndGlobalSection
	GlobalSection(ProjectConfigurationPlatforms) = postSolution
		{282C038E-198F-4D1A-AC1F-2B1E92B8A7C2}.Debug|Any CPU.ActiveCfg = Debug|Any CPU
		{282C038E-198F-4D1A-AC1F-2B1E92B8A7C2}.Debug|Any CPU.Build.0 = Debug|Any CPU
		{282C038E-198F-4D1A-AC1F-2B1E92B8A7C2}.Release|Any CPU.ActiveCfg = Release|Any CPU
		{282C038E-198F-4D1A-AC1F-2B1E92B8A7C2}.Release|Any CPU.Build.0 = Release|Any CPU
		{BF7D1C96-C311-4C75-8467-60BA52F633E2}.Debug|Any CPU.ActiveCfg = Debug|Any CPU
		{BF7D1C96-C311-4C75-8467-60BA52F633E2}.Debug|Any CPU.Build.0 = Debug|Any CPU
		{BF7D1C96-C311-4C75-8467-60BA52F633E2}.Release|Any CPU.ActiveCfg = Release|Any CPU
		{BF7D1C96-C311-4C75-8467-60BA52F633E2}.Release|Any CPU.Build.0 = Release|Any CPU
		{17652905-D7A8-4090-A940-1F6ED87C5D17}.Debug|Any CPU.ActiveCfg = Debug|Any CPU
		{17652905-D7A8-4090-A940-1F6ED87C5D17}.Debug|Any CPU.Build.0 = Debug|Any CPU
		{17652905-D7A8-4090-A940-1F6ED87C5D17}.Release|Any CPU.ActiveCfg = Release|Any CPU
		{17652905-D7A8-4090-A940-1F6ED87C5D17}.Release|Any CPU.Build.0 = Release|Any CPU
		{67BCCE4F-2E5F-4069-A491-47BF7B78C184}.Debug|Any CPU.ActiveCfg = Debug|Any CPU
		{67BCCE4F-2E5F-4069-A491-47BF7B78C184}.Debug|Any CPU.Build.0 = Debug|Any CPU
		{67BCCE4F-2E5F-4069-A491-47BF7B78C184}.Release|Any CPU.ActiveCfg = Release|Any CPU
		{67BCCE4F-2E5F-4069-A491-47BF7B78C184}.Release|Any CPU.Build.0 = Release|Any CPU
	EndGlobalSection
	GlobalSection(SolutionProperties) = preSolution
		HideSolutionNode = FALSE
	EndGlobalSection
	GlobalSection(ExtensibilityGlobals) = postSolution
		SolutionGuid = {A4785B64-D2CB-4490-B2EE-2A2A9BA9E72F}
	EndGlobalSection
EndGlobal
